
Microsoft Visual Studio Solution File, Format Version 12.00
# Visual Studio Version 17
VisualStudioVersion = 17.10.34916.146
MinimumVisualStudioVersion = 10.0.40219.1
Project("{9A19103F-16F7-4668-BE54-9A1E7A4F7556}") = "Virtual Pet Simulator Project", "WebApplication2\Virtual Pet Simulator Project.csproj", "{B06000CB-01F2-43DB-B7DD-64EA48BE8259}"
EndProject
Global
	GlobalSection(SolutionConfigurationPlatforms) = preSolution
		Debug|Any CPU = Debug|Any CPU
		Release|Any CPU = Release|Any CPU
	EndGlobalSection
	GlobalSection(ProjectConfigurationPlatforms) = postSolution
		{B06000CB-01F2-43DB-B7DD-64EA48BE8259}.Debug|Any CPU.ActiveCfg = Debug|Any CPU
		{B06000CB-01F2-43DB-B7DD-64EA48BE8259}.Debug|Any CPU.Build.0 = Debug|Any CPU
		{B06000CB-01F2-43DB-B7DD-64EA48BE8259}.Release|Any CPU.ActiveCfg = Release|Any CPU
		{B06000CB-01F2-43DB-B7DD-64EA48BE8259}.Release|Any CPU.Build.0 = Release|Any CPU
	EndGlobalSection
	GlobalSection(SolutionProperties) = preSolution
		HideSolutionNode = FALSE
	EndGlobalSection
	GlobalSection(ExtensibilityGlobals) = postSolution
		SolutionGuid = {39707800-6277-47CD-8FF8-B29B168AD52C}
	EndGlobalSection
EndGlobal
